
Microsoft Visual Studio Solution File, Format Version 12.00
# Visual Studio Version 17
VisualStudioVersion = 17.8.34525.116
MinimumVisualStudioVersion = 10.0.40219.1
Project("{2150E333-8FDC-42A3-9474-1A3956D46DE8}") = "src", "src", "{9BAF61DC-361F-469F-9B0C-62B56F5DC860}"
EndProject
Project("{2150E333-8FDC-42A3-9474-1A3956D46DE8}") = "API", "API", "{57F2DCF9-1643-4317-9534-E756EFE5E40C}"
EndProject
Project("{9A19103F-16F7-4668-BE54-9A1E7A4F7556}") = "WebApi", "WebApi\WebApi.csproj", "{A5376710-9475-4400-9F05-4CD71CD3DDDE}"
EndProject
Project("{2150E333-8FDC-42A3-9474-1A3956D46DE8}") = "Core", "Core", "{DF79F486-E2E1-47D1-A418-E6AE60619807}"
EndProject
Project("{2150E333-8FDC-42A3-9474-1A3956D46DE8}") = "Infra", "Infra", "{5C31358B-A8EE-44DD-BC33-FD1336EBE350}"
EndProject
Project("{9A19103F-16F7-4668-BE54-9A1E7A4F7556}") = "Domain", "Domain\Domain.csproj", "{45FA6EB7-C911-451A-9DEE-D5C9955F3638}"
EndProject
Project("{9A19103F-16F7-4668-BE54-9A1E7A4F7556}") = "Application", "Application\Application.csproj", "{B5DDE93F-6598-4B6F-9F65-D307EEC952DE}"
EndProject
Project("{9A19103F-16F7-4668-BE54-9A1E7A4F7556}") = "Persistence", "Persistence\Persistence.csproj", "{3B20D0DB-EC3E-4ED0-84B6-2E2B102C8198}"
EndProject
Project("{9A19103F-16F7-4668-BE54-9A1E7A4F7556}") = "Common", "Common\Common.csproj", "{687F1B52-1308-4AC2-B5F1-57C3797AAB90}"
EndProject
Project("{FAE04EC0-301F-11D3-BF4B-00C04F79EFBC}") = "Infrastructure", "Infrastructure\Infrastructure.csproj", "{6003B526-CD80-4A80-B428-1A664018E04D}"
EndProject
Global
	GlobalSection(SolutionConfigurationPlatforms) = preSolution
		Debug|Any CPU = Debug|Any CPU
		Release|Any CPU = Release|Any CPU
	EndGlobalSection
	GlobalSection(ProjectConfigurationPlatforms) = postSolution
		{A5376710-9475-4400-9F05-4CD71CD3DDDE}.Debug|Any CPU.ActiveCfg = Debug|Any CPU
		{A5376710-9475-4400-9F05-4CD71CD3DDDE}.Debug|Any CPU.Build.0 = Debug|Any CPU
		{A5376710-9475-4400-9F05-4CD71CD3DDDE}.Release|Any CPU.ActiveCfg = Release|Any CPU
		{A5376710-9475-4400-9F05-4CD71CD3DDDE}.Release|Any CPU.Build.0 = Release|Any CPU
		{45FA6EB7-C911-451A-9DEE-D5C9955F3638}.Debug|Any CPU.ActiveCfg = Debug|Any CPU
		{45FA6EB7-C911-451A-9DEE-D5C9955F3638}.Debug|Any CPU.Build.0 = Debug|Any CPU
		{45FA6EB7-C911-451A-9DEE-D5C9955F3638}.Release|Any CPU.ActiveCfg = Release|Any CPU
		{45FA6EB7-C911-451A-9DEE-D5C9955F3638}.Release|Any CPU.Build.0 = Release|Any CPU
		{B5DDE93F-6598-4B6F-9F65-D307EEC952DE}.Debug|Any CPU.ActiveCfg = Debug|Any CPU
		{B5DDE93F-6598-4B6F-9F65-D307EEC952DE}.Debug|Any CPU.Build.0 = Debug|Any CPU
		{B5DDE93F-6598-4B6F-9F65-D307EEC952DE}.Release|Any CPU.ActiveCfg = Release|Any CPU
		{B5DDE93F-6598-4B6F-9F65-D307EEC952DE}.Release|Any CPU.Build.0 = Release|Any CPU
		{3B20D0DB-EC3E-4ED0-84B6-2E2B102C8198}.Debug|Any CPU.ActiveCfg = Debug|Any CPU
		{3B20D0DB-EC3E-4ED0-84B6-2E2B102C8198}.Debug|Any CPU.Build.0 = Debug|Any CPU
		{3B20D0DB-EC3E-4ED0-84B6-2E2B102C8198}.Release|Any CPU.ActiveCfg = Release|Any CPU
		{3B20D0DB-EC3E-4ED0-84B6-2E2B102C8198}.Release|Any CPU.Build.0 = Release|Any CPU
		{687F1B52-1308-4AC2-B5F1-57C3797AAB90}.Debug|Any CPU.ActiveCfg = Debug|Any CPU
		{687F1B52-1308-4AC2-B5F1-57C3797AAB90}.Debug|Any CPU.Build.0 = Debug|Any CPU
		{687F1B52-1308-4AC2-B5F1-57C3797AAB90}.Release|Any CPU.ActiveCfg = Release|Any CPU
		{687F1B52-1308-4AC2-B5F1-57C3797AAB90}.Release|Any CPU.Build.0 = Release|Any CPU
		{6003B526-CD80-4A80-B428-1A664018E04D}.Debug|Any CPU.ActiveCfg = Debug|Any CPU
		{6003B526-CD80-4A80-B428-1A664018E04D}.Debug|Any CPU.Build.0 = Debug|Any CPU
		{6003B526-CD80-4A80-B428-1A664018E04D}.Release|Any CPU.ActiveCfg = Release|Any CPU
		{6003B526-CD80-4A80-B428-1A664018E04D}.Release|Any CPU.Build.0 = Release|Any CPU
	EndGlobalSection
	GlobalSection(SolutionProperties) = preSolution
		HideSolutionNode = FALSE
	EndGlobalSection
	GlobalSection(NestedProjects) = preSolution
		{57F2DCF9-1643-4317-9534-E756EFE5E40C} = {9BAF61DC-361F-469F-9B0C-62B56F5DC860}
		{A5376710-9475-4400-9F05-4CD71CD3DDDE} = {57F2DCF9-1643-4317-9534-E756EFE5E40C}
		{DF79F486-E2E1-47D1-A418-E6AE60619807} = {9BAF61DC-361F-469F-9B0C-62B56F5DC860}
		{5C31358B-A8EE-44DD-BC33-FD1336EBE350} = {9BAF61DC-361F-469F-9B0C-62B56F5DC860}
		{45FA6EB7-C911-451A-9DEE-D5C9955F3638} = {DF79F486-E2E1-47D1-A418-E6AE60619807}
		{B5DDE93F-6598-4B6F-9F65-D307EEC952DE} = {DF79F486-E2E1-47D1-A418-E6AE60619807}
		{3B20D0DB-EC3E-4ED0-84B6-2E2B102C8198} = {5C31358B-A8EE-44DD-BC33-FD1336EBE350}
		{687F1B52-1308-4AC2-B5F1-57C3797AAB90} = {DF79F486-E2E1-47D1-A418-E6AE60619807}
		{6003B526-CD80-4A80-B428-1A664018E04D} = {5C31358B-A8EE-44DD-BC33-FD1336EBE350}
	EndGlobalSection
	GlobalSection(ExtensibilityGlobals) = postSolution
		SolutionGuid = {4C8491FB-05A8-4A45-A8FB-F50DCB32BED8}
	EndGlobalSection
EndGlobal
